
Microsoft Visual Studio Solution File, Format Version 12.00
# Visual Studio Version 17
VisualStudioVersion = 17.9.34728.123
MinimumVisualStudioVersion = 10.0.40219.1
Project("{FAE04EC0-301F-11D3-BF4B-00C04F79EFBC}") = "ProjetoMyTeDev", "ProjetoMyTeDev\ProjetoMyTeDev.csproj", "{51A9DAF1-7294-4F71-ADD7-EEA0E73E87B3}"
EndProject
Global
	GlobalSection(SolutionConfigurationPlatforms) = preSolution
		Debug|Any CPU = Debug|Any CPU
		Release|Any CPU = Release|Any CPU
	EndGlobalSection
	GlobalSection(ProjectConfigurationPlatforms) = postSolution
		{51A9DAF1-7294-4F71-ADD7-EEA0E73E87B3}.Debug|Any CPU.ActiveCfg = Debug|Any CPU
		{51A9DAF1-7294-4F71-ADD7-EEA0E73E87B3}.Debug|Any CPU.Build.0 = Debug|Any CPU
		{51A9DAF1-7294-4F71-ADD7-EEA0E73E87B3}.Release|Any CPU.ActiveCfg = Release|Any CPU
		{51A9DAF1-7294-4F71-ADD7-EEA0E73E87B3}.Release|Any CPU.Build.0 = Release|Any CPU
	EndGlobalSection
	GlobalSection(SolutionProperties) = preSolution
		HideSolutionNode = FALSE
	EndGlobalSection
	GlobalSection(ExtensibilityGlobals) = postSolution
		SolutionGuid = {5197D079-A9A3-4B9E-B7DE-8452E3C10B0D}
	EndGlobalSection
EndGlobal
